// !$*UTF8*$!
{
	archiveVersion = 1;
	classes = {
	};
	objectVersion = 55;
	objects = {

/* Begin PBXBuildFile section */
		64FCBEB128D35ECE00833584 /* AppDelegate.swift in Sources */ = {isa = PBXBuildFile; fileRef = 64FCBEB028D35ECE00833584 /* AppDelegate.swift */; };
		64FCBEBA28D35ECF00833584 /* Assets.xcassets in Resources */ = {isa = PBXBuildFile; fileRef = 64FCBEB928D35ECF00833584 /* Assets.xcassets */; };
		64FCBEBD28D35ECF00833584 /* LaunchScreen.storyboard in Resources */ = {isa = PBXBuildFile; fileRef = 64FCBEBB28D35ECF00833584 /* LaunchScreen.storyboard */; };
		64FCBECB28D3640B00833584 /* BaseViewController.swift in Sources */ = {isa = PBXBuildFile; fileRef = 64FCBECA28D3640B00833584 /* BaseViewController.swift */; };
		64FCBECE28D3645A00833584 /* BaseView.swift in Sources */ = {isa = PBXBuildFile; fileRef = 64FCBECD28D3645A00833584 /* BaseView.swift */; };
		64FCBED128D364F800833584 /* NibInstantiable.swift in Sources */ = {isa = PBXBuildFile; fileRef = 64FCBED028D364F800833584 /* NibInstantiable.swift */; };
		64FCBED428D3675500833584 /* UIViewExtensions.swift in Sources */ = {isa = PBXBuildFile; fileRef = 64FCBED328D3675500833584 /* UIViewExtensions.swift */; };
		64FCBED928D36E0F00833584 /* BaseTableViewViewModel.swift in Sources */ = {isa = PBXBuildFile; fileRef = 64FCBED828D36E0F00833584 /* BaseTableViewViewModel.swift */; };
		64FCBEDC28D36EDB00833584 /* TableSceneModels.swift in Sources */ = {isa = PBXBuildFile; fileRef = 64FCBEDB28D36EDB00833584 /* TableSceneModels.swift */; };
		64FCBEDF28D37EC500833584 /* TableSectionModel.swift in Sources */ = {isa = PBXBuildFile; fileRef = 64FCBEDE28D37EC500833584 /* TableSectionModel.swift */; };
		64FCBEE128D37FB600833584 /* BaseTableViewReusableViews.swift in Sources */ = {isa = PBXBuildFile; fileRef = 64FCBEE028D37FB600833584 /* BaseTableViewReusableViews.swift */; };
		64FCBEE528D38C2700833584 /* BaseTableViewControllerView.swift in Sources */ = {isa = PBXBuildFile; fileRef = 64FCBEE428D38C2700833584 /* BaseTableViewControllerView.swift */; };
		64FCBEE728D38C9700833584 /* BaseTableViewController.swift in Sources */ = {isa = PBXBuildFile; fileRef = 64FCBEE628D38C9700833584 /* BaseTableViewController.swift */; };
		64FCBEE928D38E3C00833584 /* UITableViewCell+NibInstantiable.swift in Sources */ = {isa = PBXBuildFile; fileRef = 64FCBEE828D38E3C00833584 /* UITableViewCell+NibInstantiable.swift */; };
		64FCBEEB28D3A34200833584 /* ApplicableActionModel.swift in Sources */ = {isa = PBXBuildFile; fileRef = 64FCBEEA28D3A34200833584 /* ApplicableActionModel.swift */; };
		64FCBEED28D3A36C00833584 /* Aliases.swift in Sources */ = {isa = PBXBuildFile; fileRef = 64FCBEEC28D3A36C00833584 /* Aliases.swift */; };
		64FCBEF928D4F1D500833584 /* BaseTableViewViewModelProtocol.swift in Sources */ = {isa = PBXBuildFile; fileRef = 64FCBEF828D4F1D500833584 /* BaseTableViewViewModelProtocol.swift */; };
		64FCBEFB28D4F71900833584 /* UITableViewCell+Identifier.swift in Sources */ = {isa = PBXBuildFile; fileRef = 64FCBEFA28D4F71900833584 /* UITableViewCell+Identifier.swift */; };
/* End PBXBuildFile section */

/* Begin PBXFileReference section */
		64FCBEAD28D35ECE00833584 /* PokemonFeed.app */ = {isa = PBXFileReference; explicitFileType = wrapper.application; includeInIndex = 0; path = PokemonFeed.app; sourceTree = BUILT_PRODUCTS_DIR; };
		64FCBEB028D35ECE00833584 /* AppDelegate.swift */ = {isa = PBXFileReference; lastKnownFileType = sourcecode.swift; path = AppDelegate.swift; sourceTree = "<group>"; };
		64FCBEB928D35ECF00833584 /* Assets.xcassets */ = {isa = PBXFileReference; lastKnownFileType = folder.assetcatalog; path = Assets.xcassets; sourceTree = "<group>"; };
		64FCBEBC28D35ECF00833584 /* Base */ = {isa = PBXFileReference; lastKnownFileType = file.storyboard; name = Base; path = Base.lproj/LaunchScreen.storyboard; sourceTree = "<group>"; };
		64FCBECA28D3640B00833584 /* BaseViewController.swift */ = {isa = PBXFileReference; lastKnownFileType = sourcecode.swift; path = BaseViewController.swift; sourceTree = "<group>"; };
		64FCBECD28D3645A00833584 /* BaseView.swift */ = {isa = PBXFileReference; lastKnownFileType = sourcecode.swift; path = BaseView.swift; sourceTree = "<group>"; };
		64FCBED028D364F800833584 /* NibInstantiable.swift */ = {isa = PBXFileReference; lastKnownFileType = sourcecode.swift; path = NibInstantiable.swift; sourceTree = "<group>"; };
		64FCBED328D3675500833584 /* UIViewExtensions.swift */ = {isa = PBXFileReference; lastKnownFileType = sourcecode.swift; path = UIViewExtensions.swift; sourceTree = "<group>"; };
		64FCBED828D36E0F00833584 /* BaseTableViewViewModel.swift */ = {isa = PBXFileReference; lastKnownFileType = sourcecode.swift; path = BaseTableViewViewModel.swift; sourceTree = "<group>"; };
		64FCBEDB28D36EDB00833584 /* TableSceneModels.swift */ = {isa = PBXFileReference; lastKnownFileType = sourcecode.swift; path = TableSceneModels.swift; sourceTree = "<group>"; };
		64FCBEDE28D37EC500833584 /* TableSectionModel.swift */ = {isa = PBXFileReference; lastKnownFileType = sourcecode.swift; path = TableSectionModel.swift; sourceTree = "<group>"; };
		64FCBEE028D37FB600833584 /* BaseTableViewReusableViews.swift */ = {isa = PBXFileReference; lastKnownFileType = sourcecode.swift; path = BaseTableViewReusableViews.swift; sourceTree = "<group>"; };
		64FCBEE428D38C2700833584 /* BaseTableViewControllerView.swift */ = {isa = PBXFileReference; lastKnownFileType = sourcecode.swift; path = BaseTableViewControllerView.swift; sourceTree = "<group>"; };
		64FCBEE628D38C9700833584 /* BaseTableViewController.swift */ = {isa = PBXFileReference; lastKnownFileType = sourcecode.swift; path = BaseTableViewController.swift; sourceTree = "<group>"; };
		64FCBEE828D38E3C00833584 /* UITableViewCell+NibInstantiable.swift */ = {isa = PBXFileReference; lastKnownFileType = sourcecode.swift; path = "UITableViewCell+NibInstantiable.swift"; sourceTree = "<group>"; };
		64FCBEEA28D3A34200833584 /* ApplicableActionModel.swift */ = {isa = PBXFileReference; lastKnownFileType = sourcecode.swift; path = ApplicableActionModel.swift; sourceTree = "<group>"; };
		64FCBEEC28D3A36C00833584 /* Aliases.swift */ = {isa = PBXFileReference; lastKnownFileType = sourcecode.swift; path = Aliases.swift; sourceTree = "<group>"; };
		64FCBEF828D4F1D500833584 /* BaseTableViewViewModelProtocol.swift */ = {isa = PBXFileReference; lastKnownFileType = sourcecode.swift; path = BaseTableViewViewModelProtocol.swift; sourceTree = "<group>"; };
		64FCBEFA28D4F71900833584 /* UITableViewCell+Identifier.swift */ = {isa = PBXFileReference; lastKnownFileType = sourcecode.swift; path = "UITableViewCell+Identifier.swift"; sourceTree = "<group>"; };
/* End PBXFileReference section */

/* Begin PBXFrameworksBuildPhase section */
		64FCBEAA28D35ECE00833584 /* Frameworks */ = {
			isa = PBXFrameworksBuildPhase;
			buildActionMask = 2147483647;
			files = (
			);
			runOnlyForDeploymentPostprocessing = 0;
		};
/* End PBXFrameworksBuildPhase section */

/* Begin PBXGroup section */
		64FCBEA428D35ECD00833584 = {
			isa = PBXGroup;
			children = (
				64FCBEAF28D35ECE00833584 /* PokemonFeed */,
				64FCBEAE28D35ECE00833584 /* Products */,
			);
			sourceTree = "<group>";
		};
		64FCBEAE28D35ECE00833584 /* Products */ = {
			isa = PBXGroup;
			children = (
				64FCBEAD28D35ECE00833584 /* PokemonFeed.app */,
			);
			name = Products;
			sourceTree = "<group>";
		};
		64FCBEAF28D35ECE00833584 /* PokemonFeed */ = {
			isa = PBXGroup;
			children = (
				64FCBEC428D3603200833584 /* Application */,
				64FCBEC828D363EF00833584 /* Core */,
				64FCBEC628D3605100833584 /* Presentation */,
				64FCBEC528D3603D00833584 /* Resources */,
			);
			path = PokemonFeed;
			sourceTree = "<group>";
		};
		64FCBEC428D3603200833584 /* Application */ = {
			isa = PBXGroup;
			children = (
				64FCBEB028D35ECE00833584 /* AppDelegate.swift */,
			);
			path = Application;
			sourceTree = "<group>";
		};
		64FCBEC528D3603D00833584 /* Resources */ = {
			isa = PBXGroup;
			children = (
				64FCBEB928D35ECF00833584 /* Assets.xcassets */,
			);
			path = Resources;
			sourceTree = "<group>";
		};
		64FCBEC628D3605100833584 /* Presentation */ = {
			isa = PBXGroup;
			children = (
				64FCBEBB28D35ECF00833584 /* LaunchScreen.storyboard */,
			);
			path = Presentation;
			sourceTree = "<group>";
		};
		64FCBEC828D363EF00833584 /* Core */ = {
			isa = PBXGroup;
			children = (
				64FCBEC928D363F600833584 /* BaseSceneClasses */,
				64FCBED628D3691A00833584 /* BaseTableViewSceneClasses */,
				64FCBECF28D364E700833584 /* Helpers */,
				64FCBED228D3673D00833584 /* Extensions */,
			);
			path = Core;
			sourceTree = "<group>";
		};
		64FCBEC928D363F600833584 /* BaseSceneClasses */ = {
			isa = PBXGroup;
			children = (
				64FCBECC28D3644500833584 /* View */,
			);
			path = BaseSceneClasses;
			sourceTree = "<group>";
		};
		64FCBECC28D3644500833584 /* View */ = {
			isa = PBXGroup;
			children = (
				64FCBECD28D3645A00833584 /* BaseView.swift */,
				64FCBECA28D3640B00833584 /* BaseViewController.swift */,
			);
			path = View;
			sourceTree = "<group>";
		};
		64FCBECF28D364E700833584 /* Helpers */ = {
			isa = PBXGroup;
			children = (
				64FCBEEC28D3A36C00833584 /* Aliases.swift */,
				64FCBED028D364F800833584 /* NibInstantiable.swift */,
				64FCBEEA28D3A34200833584 /* ApplicableActionModel.swift */,
			);
			path = Helpers;
			sourceTree = "<group>";
		};
		64FCBED228D3673D00833584 /* Extensions */ = {
			isa = PBXGroup;
			children = (
				64FCBED328D3675500833584 /* UIViewExtensions.swift */,
				64FCBEE828D38E3C00833584 /* UITableViewCell+NibInstantiable.swift */,
				64FCBEFA28D4F71900833584 /* UITableViewCell+Identifier.swift */,
			);
			path = Extensions;
			sourceTree = "<group>";
		};
		64FCBED628D3691A00833584 /* BaseTableViewSceneClasses */ = {
			isa = PBXGroup;
			children = (
				64FCBED728D36D9100833584 /* ViewModel */,
				64FCBEE228D38BCA00833584 /* View */,
				64FCBEDA28D36E2000833584 /* Models */,
			);
			path = BaseTableViewSceneClasses;
			sourceTree = "<group>";
		};
		64FCBED728D36D9100833584 /* ViewModel */ = {
			isa = PBXGroup;
			children = (
				64FCBEF828D4F1D500833584 /* BaseTableViewViewModelProtocol.swift */,
				64FCBED828D36E0F00833584 /* BaseTableViewViewModel.swift */,
			);
			path = ViewModel;
			sourceTree = "<group>";
		};
		64FCBEDA28D36E2000833584 /* Models */ = {
			isa = PBXGroup;
			children = (
				64FCBEDB28D36EDB00833584 /* TableSceneModels.swift */,
				64FCBEDE28D37EC500833584 /* TableSectionModel.swift */,
				64FCBEE028D37FB600833584 /* BaseTableViewReusableViews.swift */,
			);
			path = Models;
			sourceTree = "<group>";
		};
		64FCBEE228D38BCA00833584 /* View */ = {
			isa = PBXGroup;
			children = (
				64FCBEE428D38C2700833584 /* BaseTableViewControllerView.swift */,
				64FCBEE628D38C9700833584 /* BaseTableViewController.swift */,
			);
			path = View;
			sourceTree = "<group>";
		};
/* End PBXGroup section */

/* Begin PBXNativeTarget section */
		64FCBEAC28D35ECE00833584 /* PokemonFeed */ = {
			isa = PBXNativeTarget;
			buildConfigurationList = 64FCBEC128D35ECF00833584 /* Build configuration list for PBXNativeTarget "PokemonFeed" */;
			buildPhases = (
				64FCBEA928D35ECE00833584 /* Sources */,
				64FCBEAA28D35ECE00833584 /* Frameworks */,
				64FCBEAB28D35ECE00833584 /* Resources */,
				64FCBEDD28D376CC00833584 /* Swift Lint */,
			);
			buildRules = (
			);
			dependencies = (
			);
			name = PokemonFeed;
			productName = PokemonFeed;
			productReference = 64FCBEAD28D35ECE00833584 /* PokemonFeed.app */;
			productType = "com.apple.product-type.application";
		};
/* End PBXNativeTarget section */

/* Begin PBXProject section */
		64FCBEA528D35ECE00833584 /* Project object */ = {
			isa = PBXProject;
			attributes = {
				BuildIndependentTargetsInParallel = 1;
				LastSwiftUpdateCheck = 1340;
				LastUpgradeCheck = 1340;
				TargetAttributes = {
					64FCBEAC28D35ECE00833584 = {
						CreatedOnToolsVersion = 13.4.1;
					};
				};
			};
			buildConfigurationList = 64FCBEA828D35ECE00833584 /* Build configuration list for PBXProject "PokemonFeed" */;
			compatibilityVersion = "Xcode 13.0";
			developmentRegion = en;
			hasScannedForEncodings = 0;
			knownRegions = (
				en,
				Base,
			);
			mainGroup = 64FCBEA428D35ECD00833584;
			productRefGroup = 64FCBEAE28D35ECE00833584 /* Products */;
			projectDirPath = "";
			projectRoot = "";
			targets = (
				64FCBEAC28D35ECE00833584 /* PokemonFeed */,
			);
		};
/* End PBXProject section */

/* Begin PBXResourcesBuildPhase section */
		64FCBEAB28D35ECE00833584 /* Resources */ = {
			isa = PBXResourcesBuildPhase;
			buildActionMask = 2147483647;
			files = (
				64FCBEBD28D35ECF00833584 /* LaunchScreen.storyboard in Resources */,
				64FCBEBA28D35ECF00833584 /* Assets.xcassets in Resources */,
			);
			runOnlyForDeploymentPostprocessing = 0;
		};
/* End PBXResourcesBuildPhase section */

/* Begin PBXShellScriptBuildPhase section */
		64FCBEDD28D376CC00833584 /* Swift Lint */ = {
			isa = PBXShellScriptBuildPhase;
			buildActionMask = 2147483647;
			files = (
			);
			inputFileListPaths = (
			);
			inputPaths = (
			);
			name = "Swift Lint";
			outputFileListPaths = (
			);
			outputPaths = (
			);
			runOnlyForDeploymentPostprocessing = 0;
			shellPath = /bin/sh;
			shellScript = "export PATH=\"$PATH:/opt/homebrew/bin\"\nif which swiftlint >/dev/null; then\n  swiftlint\nelse\n  echo \"warning: SwiftLint not installed, download from https://github.com/realm/SwiftLint\"\nfi\n";
		};
/* End PBXShellScriptBuildPhase section */

/* Begin PBXSourcesBuildPhase section */
		64FCBEA928D35ECE00833584 /* Sources */ = {
			isa = PBXSourcesBuildPhase;
			buildActionMask = 2147483647;
			files = (
				64FCBEEB28D3A34200833584 /* ApplicableActionModel.swift in Sources */,
				64FCBEDF28D37EC500833584 /* TableSectionModel.swift in Sources */,
				64FCBEE528D38C2700833584 /* BaseTableViewControllerView.swift in Sources */,
				64FCBECE28D3645A00833584 /* BaseView.swift in Sources */,
				64FCBEFB28D4F71900833584 /* UITableViewCell+Identifier.swift in Sources */,
				64FCBED428D3675500833584 /* UIViewExtensions.swift in Sources */,
				64FCBEB128D35ECE00833584 /* AppDelegate.swift in Sources */,
				64FCBED928D36E0F00833584 /* BaseTableViewViewModel.swift in Sources */,
				64FCBEE928D38E3C00833584 /* UITableViewCell+NibInstantiable.swift in Sources */,
				64FCBEF928D4F1D500833584 /* BaseTableViewViewModelProtocol.swift in Sources */,
				64FCBED128D364F800833584 /* NibInstantiable.swift in Sources */,
				64FCBECB28D3640B00833584 /* BaseViewController.swift in Sources */,
				64FCBEED28D3A36C00833584 /* Aliases.swift in Sources */,
				64FCBEDC28D36EDB00833584 /* TableSceneModels.swift in Sources */,
				64FCBEE728D38C9700833584 /* BaseTableViewController.swift in Sources */,
				64FCBEE128D37FB600833584 /* BaseTableViewReusableViews.swift in Sources */,
			);
			runOnlyForDeploymentPostprocessing = 0;
		};
/* End PBXSourcesBuildPhase section */

/* Begin PBXVariantGroup section */
		64FCBEBB28D35ECF00833584 /* LaunchScreen.storyboard */ = {
			isa = PBXVariantGroup;
			children = (
				64FCBEBC28D35ECF00833584 /* Base */,
			);
			name = LaunchScreen.storyboard;
			sourceTree = "<group>";
		};
/* End PBXVariantGroup section */

/* Begin XCBuildConfiguration section */
		64FCBEBF28D35ECF00833584 /* Debug */ = {
			isa = XCBuildConfiguration;
			buildSettings = {
				ALWAYS_SEARCH_USER_PATHS = NO;
				CLANG_ANALYZER_NONNULL = YES;
				CLANG_ANALYZER_NUMBER_OBJECT_CONVERSION = YES_AGGRESSIVE;
				CLANG_CXX_LANGUAGE_STANDARD = "gnu++17";
				CLANG_ENABLE_MODULES = YES;
				CLANG_ENABLE_OBJC_ARC = YES;
				CLANG_ENABLE_OBJC_WEAK = YES;
				CLANG_WARN_BLOCK_CAPTURE_AUTORELEASING = YES;
				CLANG_WARN_BOOL_CONVERSION = YES;
				CLANG_WARN_COMMA = YES;
				CLANG_WARN_CONSTANT_CONVERSION = YES;
				CLANG_WARN_DEPRECATED_OBJC_IMPLEMENTATIONS = YES;
				CLANG_WARN_DIRECT_OBJC_ISA_USAGE = YES_ERROR;
				CLANG_WARN_DOCUMENTATION_COMMENTS = YES;
				CLANG_WARN_EMPTY_BODY = YES;
				CLANG_WARN_ENUM_CONVERSION = YES;
				CLANG_WARN_INFINITE_RECURSION = YES;
				CLANG_WARN_INT_CONVERSION = YES;
				CLANG_WARN_NON_LITERAL_NULL_CONVERSION = YES;
				CLANG_WARN_OBJC_IMPLICIT_RETAIN_SELF = YES;
				CLANG_WARN_OBJC_LITERAL_CONVERSION = YES;
				CLANG_WARN_OBJC_ROOT_CLASS = YES_ERROR;
				CLANG_WARN_QUOTED_INCLUDE_IN_FRAMEWORK_HEADER = YES;
				CLANG_WARN_RANGE_LOOP_ANALYSIS = YES;
				CLANG_WARN_STRICT_PROTOTYPES = YES;
				CLANG_WARN_SUSPICIOUS_MOVE = YES;
				CLANG_WARN_UNGUARDED_AVAILABILITY = YES_AGGRESSIVE;
				CLANG_WARN_UNREACHABLE_CODE = YES;
				CLANG_WARN__DUPLICATE_METHOD_MATCH = YES;
				COPY_PHASE_STRIP = NO;
				DEBUG_INFORMATION_FORMAT = dwarf;
				ENABLE_STRICT_OBJC_MSGSEND = YES;
				ENABLE_TESTABILITY = YES;
				GCC_C_LANGUAGE_STANDARD = gnu11;
				GCC_DYNAMIC_NO_PIC = NO;
				GCC_NO_COMMON_BLOCKS = YES;
				GCC_OPTIMIZATION_LEVEL = 0;
				GCC_PREPROCESSOR_DEFINITIONS = (
					"DEBUG=1",
					"$(inherited)",
				);
				GCC_WARN_64_TO_32_BIT_CONVERSION = YES;
				GCC_WARN_ABOUT_RETURN_TYPE = YES_ERROR;
				GCC_WARN_UNDECLARED_SELECTOR = YES;
				GCC_WARN_UNINITIALIZED_AUTOS = YES_AGGRESSIVE;
				GCC_WARN_UNUSED_FUNCTION = YES;
				GCC_WARN_UNUSED_VARIABLE = YES;
				IPHONEOS_DEPLOYMENT_TARGET = 15.5;
				MTL_ENABLE_DEBUG_INFO = INCLUDE_SOURCE;
				MTL_FAST_MATH = YES;
				ONLY_ACTIVE_ARCH = YES;
				SDKROOT = iphoneos;
				SWIFT_ACTIVE_COMPILATION_CONDITIONS = DEBUG;
				SWIFT_OPTIMIZATION_LEVEL = "-Onone";
			};
			name = Debug;
		};
		64FCBEC028D35ECF00833584 /* Release */ = {
			isa = XCBuildConfiguration;
			buildSettings = {
				ALWAYS_SEARCH_USER_PATHS = NO;
				CLANG_ANALYZER_NONNULL = YES;
				CLANG_ANALYZER_NUMBER_OBJECT_CONVERSION = YES_AGGRESSIVE;
				CLANG_CXX_LANGUAGE_STANDARD = "gnu++17";
				CLANG_ENABLE_MODULES = YES;
				CLANG_ENABLE_OBJC_ARC = YES;
				CLANG_ENABLE_OBJC_WEAK = YES;
				CLANG_WARN_BLOCK_CAPTURE_AUTORELEASING = YES;
				CLANG_WARN_BOOL_CONVERSION = YES;
				CLANG_WARN_COMMA = YES;
				CLANG_WARN_CONSTANT_CONVERSION = YES;
				CLANG_WARN_DEPRECATED_OBJC_IMPLEMENTATIONS = YES;
				CLANG_WARN_DIRECT_OBJC_ISA_USAGE = YES_ERROR;
				CLANG_WARN_DOCUMENTATION_COMMENTS = YES;
				CLANG_WARN_EMPTY_BODY = YES;
				CLANG_WARN_ENUM_CONVERSION = YES;
				CLANG_WARN_INFINITE_RECURSION = YES;
				CLANG_WARN_INT_CONVERSION = YES;
				CLANG_WARN_NON_LITERAL_NULL_CONVERSION = YES;
				CLANG_WARN_OBJC_IMPLICIT_RETAIN_SELF = YES;
				CLANG_WARN_OBJC_LITERAL_CONVERSION = YES;
				CLANG_WARN_OBJC_ROOT_CLASS = YES_ERROR;
				CLANG_WARN_QUOTED_INCLUDE_IN_FRAMEWORK_HEADER = YES;
				CLANG_WARN_RANGE_LOOP_ANALYSIS = YES;
				CLANG_WARN_STRICT_PROTOTYPES = YES;
				CLANG_WARN_SUSPICIOUS_MOVE = YES;
				CLANG_WARN_UNGUARDED_AVAILABILITY = YES_AGGRESSIVE;
				CLANG_WARN_UNREACHABLE_CODE = YES;
				CLANG_WARN__DUPLICATE_METHOD_MATCH = YES;
				COPY_PHASE_STRIP = NO;
				DEBUG_INFORMATION_FORMAT = "dwarf-with-dsym";
				ENABLE_NS_ASSERTIONS = NO;
				ENABLE_STRICT_OBJC_MSGSEND = YES;
				GCC_C_LANGUAGE_STANDARD = gnu11;
				GCC_NO_COMMON_BLOCKS = YES;
				GCC_WARN_64_TO_32_BIT_CONVERSION = YES;
				GCC_WARN_ABOUT_RETURN_TYPE = YES_ERROR;
				GCC_WARN_UNDECLARED_SELECTOR = YES;
				GCC_WARN_UNINITIALIZED_AUTOS = YES_AGGRESSIVE;
				GCC_WARN_UNUSED_FUNCTION = YES;
				GCC_WARN_UNUSED_VARIABLE = YES;
				IPHONEOS_DEPLOYMENT_TARGET = 15.5;
				MTL_ENABLE_DEBUG_INFO = NO;
				MTL_FAST_MATH = YES;
				SDKROOT = iphoneos;
				SWIFT_COMPILATION_MODE = wholemodule;
				SWIFT_OPTIMIZATION_LEVEL = "-O";
				VALIDATE_PRODUCT = YES;
			};
			name = Release;
		};
		64FCBEC228D35ECF00833584 /* Debug */ = {
			isa = XCBuildConfiguration;
			buildSettings = {
				ASSETCATALOG_COMPILER_APPICON_NAME = AppIcon;
				ASSETCATALOG_COMPILER_GLOBAL_ACCENT_COLOR_NAME = AccentColor;
				CODE_SIGN_STYLE = Automatic;
				CURRENT_PROJECT_VERSION = 1;
				GENERATE_INFOPLIST_FILE = YES;
				INFOPLIST_FILE = PokemonFeed/Resources/Info.plist;
				INFOPLIST_KEY_UIApplicationSupportsIndirectInputEvents = YES;
				INFOPLIST_KEY_UILaunchStoryboardName = LaunchScreen;
				INFOPLIST_KEY_UISupportedInterfaceOrientations_iPad = "UIInterfaceOrientationPortrait UIInterfaceOrientationPortraitUpsideDown UIInterfaceOrientationLandscapeLeft UIInterfaceOrientationLandscapeRight";
				INFOPLIST_KEY_UISupportedInterfaceOrientations_iPhone = "UIInterfaceOrientationPortrait UIInterfaceOrientationLandscapeLeft UIInterfaceOrientationLandscapeRight";
				IPHONEOS_DEPLOYMENT_TARGET = 13.0;
				LD_RUNPATH_SEARCH_PATHS = (
					"$(inherited)",
					"@executable_path/Frameworks",
				);
				MARKETING_VERSION = 1.0;
				PRODUCT_BUNDLE_IDENTIFIER = valeriy.litovchenko.PokemonFeed;
				PRODUCT_NAME = "$(TARGET_NAME)";
				SWIFT_EMIT_LOC_STRINGS = YES;
				SWIFT_VERSION = 5.0;
				TARGETED_DEVICE_FAMILY = 1;
			};
			name = Debug;
		};
		64FCBEC328D35ECF00833584 /* Release */ = {
			isa = XCBuildConfiguration;
			buildSettings = {
				ASSETCATALOG_COMPILER_APPICON_NAME = AppIcon;
				ASSETCATALOG_COMPILER_GLOBAL_ACCENT_COLOR_NAME = AccentColor;
				CODE_SIGN_STYLE = Automatic;
				CURRENT_PROJECT_VERSION = 1;
				GENERATE_INFOPLIST_FILE = YES;
				INFOPLIST_FILE = PokemonFeed/Resources/Info.plist;
				INFOPLIST_KEY_UIApplicationSupportsIndirectInputEvents = YES;
				INFOPLIST_KEY_UILaunchStoryboardName = LaunchScreen;
				INFOPLIST_KEY_UISupportedInterfaceOrientations_iPad = "UIInterfaceOrientationPortrait UIInterfaceOrientationPortraitUpsideDown UIInterfaceOrientationLandscapeLeft UIInterfaceOrientationLandscapeRight";
				INFOPLIST_KEY_UISupportedInterfaceOrientations_iPhone = "UIInterfaceOrientationPortrait UIInterfaceOrientationLandscapeLeft UIInterfaceOrientationLandscapeRight";
				IPHONEOS_DEPLOYMENT_TARGET = 13.0;
				LD_RUNPATH_SEARCH_PATHS = (
					"$(inherited)",
					"@executable_path/Frameworks",
				);
				MARKETING_VERSION = 1.0;
				PRODUCT_BUNDLE_IDENTIFIER = valeriy.litovchenko.PokemonFeed;
				PRODUCT_NAME = "$(TARGET_NAME)";
				SWIFT_EMIT_LOC_STRINGS = YES;
				SWIFT_VERSION = 5.0;
				TARGETED_DEVICE_FAMILY = 1;
			};
			name = Release;
		};
/* End XCBuildConfiguration section */

/* Begin XCConfigurationList section */
		64FCBEA828D35ECE00833584 /* Build configuration list for PBXProject "PokemonFeed" */ = {
			isa = XCConfigurationList;
			buildConfigurations = (
				64FCBEBF28D35ECF00833584 /* Debug */,
				64FCBEC028D35ECF00833584 /* Release */,
			);
			defaultConfigurationIsVisible = 0;
			defaultConfigurationName = Release;
		};
		64FCBEC128D35ECF00833584 /* Build configuration list for PBXNativeTarget "PokemonFeed" */ = {
			isa = XCConfigurationList;
			buildConfigurations = (
				64FCBEC228D35ECF00833584 /* Debug */,
				64FCBEC328D35ECF00833584 /* Release */,
			);
			defaultConfigurationIsVisible = 0;
			defaultConfigurationName = Release;
		};
/* End XCConfigurationList section */
	};
	rootObject = 64FCBEA528D35ECE00833584 /* Project object */;
}
