// !$*UTF8*$!
{
	archiveVersion = 1;
	classes = {
	};
	objectVersion = 55;
	objects = {

/* Begin PBXBuildFile section */
		6413EDBC28D514190065D238 /* PokemonFeedItemCell.swift in Sources */ = {isa = PBXBuildFile; fileRef = 6413EDBB28D514190065D238 /* PokemonFeedItemCell.swift */; };
		6413EDBE28D514640065D238 /* PokemonFeedItemCell.xib in Resources */ = {isa = PBXBuildFile; fileRef = 6413EDBD28D514640065D238 /* PokemonFeedItemCell.xib */; };
		6413EDC128D515960065D238 /* AppDIContainer.swift in Sources */ = {isa = PBXBuildFile; fileRef = 6413EDC028D515960065D238 /* AppDIContainer.swift */; };
		6413EDC328D515B30065D238 /* PokemonFeedSceneDIContainer.swift in Sources */ = {isa = PBXBuildFile; fileRef = 6413EDC228D515B30065D238 /* PokemonFeedSceneDIContainer.swift */; };
		6421E7D328D5A9E00034E91F /* HTTPClient.swift in Sources */ = {isa = PBXBuildFile; fileRef = 6421E7D228D5A9E00034E91F /* HTTPClient.swift */; };
		6421E7D528D5AAA60034E91F /* URLSessionHTTPClient.swift in Sources */ = {isa = PBXBuildFile; fileRef = 6421E7D428D5AAA60034E91F /* URLSessionHTTPClient.swift */; };
		6421E7D728D5AFB80034E91F /* NetworkService.swift in Sources */ = {isa = PBXBuildFile; fileRef = 6421E7D628D5AFB80034E91F /* NetworkService.swift */; };
		6421E7D928D5B0320034E91F /* RestApiNetworkService.swift in Sources */ = {isa = PBXBuildFile; fileRef = 6421E7D828D5B0320034E91F /* RestApiNetworkService.swift */; };
		6421E7DB28D5B0BF0034E91F /* HTTPClient+Combine.swift in Sources */ = {isa = PBXBuildFile; fileRef = 6421E7DA28D5B0BF0034E91F /* HTTPClient+Combine.swift */; };
		6421E7DE28D5B5A80034E91F /* PokemonFeedRepository.swift in Sources */ = {isa = PBXBuildFile; fileRef = 6421E7DD28D5B5A80034E91F /* PokemonFeedRepository.swift */; };
		6421E7E228D5B6750034E91F /* PokemonFeedRepositoryImpl.swift in Sources */ = {isa = PBXBuildFile; fileRef = 6421E7E128D5B6750034E91F /* PokemonFeedRepositoryImpl.swift */; };
		6421E7E628D5B7570034E91F /* GetPokemonFeedApiEndpoint.swift in Sources */ = {isa = PBXBuildFile; fileRef = 6421E7E528D5B7570034E91F /* GetPokemonFeedApiEndpoint.swift */; };
		6421E7E828D5B89C0034E91F /* PokemonFeedResultMapper.swift in Sources */ = {isa = PBXBuildFile; fileRef = 6421E7E728D5B89C0034E91F /* PokemonFeedResultMapper.swift */; };
		6421E7EA28D5BA100034E91F /* PokemonFeedPage.swift in Sources */ = {isa = PBXBuildFile; fileRef = 6421E7E928D5BA100034E91F /* PokemonFeedPage.swift */; };
		6421E7ED28D5BD2C0034E91F /* HTTPURLResponse+StatusCode.swift in Sources */ = {isa = PBXBuildFile; fileRef = 6421E7EC28D5BD2C0034E91F /* HTTPURLResponse+StatusCode.swift */; };
		6421E7EF28D5C0240034E91F /* GetPokemonFeedUseCaseImpl.swift in Sources */ = {isa = PBXBuildFile; fileRef = 6421E7EE28D5C0240034E91F /* GetPokemonFeedUseCaseImpl.swift */; };
		6421E7F828D5FAC50034E91F /* Kingfisher in Frameworks */ = {isa = PBXBuildFile; productRef = 6421E7F728D5FAC50034E91F /* Kingfisher */; };
		6421E7FC28D5FBCE0034E91F /* UIImageView+SetImage.swift in Sources */ = {isa = PBXBuildFile; fileRef = 6421E7FB28D5FBCE0034E91F /* UIImageView+SetImage.swift */; };
		6421E7FF28D5FCEA0034E91F /* DefinedImages.swift in Sources */ = {isa = PBXBuildFile; fileRef = 6421E7FE28D5FCEA0034E91F /* DefinedImages.swift */; };
		6421E80528D603110034E91F /* InMemoryPokemonFeedStorage.swift in Sources */ = {isa = PBXBuildFile; fileRef = 6421E80328D603110034E91F /* InMemoryPokemonFeedStorage.swift */; };
		6421E80628D603110034E91F /* PokemonFeedStorage.swift in Sources */ = {isa = PBXBuildFile; fileRef = 6421E80428D603110034E91F /* PokemonFeedStorage.swift */; };
		6421E80828D616230034E91F /* PokemonFeedTotalCountResultMapper.swift in Sources */ = {isa = PBXBuildFile; fileRef = 6421E80728D616230034E91F /* PokemonFeedTotalCountResultMapper.swift */; };
		6421E80A28D616BD0034E91F /* HTTPURLResponseValidator.swift in Sources */ = {isa = PBXBuildFile; fileRef = 6421E80928D616BD0034E91F /* HTTPURLResponseValidator.swift */; };
		6421E80E28D61BA60034E91F /* UIView+ActivityIndicatorView.swift in Sources */ = {isa = PBXBuildFile; fileRef = 6421E80C28D61BA60034E91F /* UIView+ActivityIndicatorView.swift */; };
		6421E80F28D61BA60034E91F /* ActivityIndicatorView.swift in Sources */ = {isa = PBXBuildFile; fileRef = 6421E80D28D61BA60034E91F /* ActivityIndicatorView.swift */; };
		6421E81128D61F730034E91F /* PokemonFeedQuery.swift in Sources */ = {isa = PBXBuildFile; fileRef = 6421E81028D61F730034E91F /* PokemonFeedQuery.swift */; };
		6421E81328D620810034E91F /* String+Extended.swift in Sources */ = {isa = PBXBuildFile; fileRef = 6421E81228D620810034E91F /* String+Extended.swift */; };
		6421E81628D621AB0034E91F /* PokemonFeedRequestDTO.swift in Sources */ = {isa = PBXBuildFile; fileRef = 6421E81528D621AA0034E91F /* PokemonFeedRequestDTO.swift */; };
		6421E81A28D623BC0034E91F /* KeyboardObserver.swift in Sources */ = {isa = PBXBuildFile; fileRef = 6421E81828D623BC0034E91F /* KeyboardObserver.swift */; };
		6421E81B28D623BC0034E91F /* KeyboardScrollViewObserver.swift in Sources */ = {isa = PBXBuildFile; fileRef = 6421E81928D623BC0034E91F /* KeyboardScrollViewObserver.swift */; };
		64B0BFE828D505EB000A31D7 /* PokemonFeedViewModelImpl.swift in Sources */ = {isa = PBXBuildFile; fileRef = 64B0BFE728D505EB000A31D7 /* PokemonFeedViewModelImpl.swift */; };
		64B0BFEB28D506CD000A31D7 /* GetPokemonFeedUseCase.swift in Sources */ = {isa = PBXBuildFile; fileRef = 64B0BFEA28D506CD000A31D7 /* GetPokemonFeedUseCase.swift */; };
		64B0BFEF28D5071D000A31D7 /* Pokemon.swift in Sources */ = {isa = PBXBuildFile; fileRef = 64B0BFEE28D5071D000A31D7 /* Pokemon.swift */; };
		64B0BFF428D50BED000A31D7 /* PokemonFeedControllerView.swift in Sources */ = {isa = PBXBuildFile; fileRef = 64B0BFF328D50BED000A31D7 /* PokemonFeedControllerView.swift */; };
		64B0BFF628D50C2E000A31D7 /* PokemonFeedControllerView.xib in Resources */ = {isa = PBXBuildFile; fileRef = 64B0BFF528D50C2E000A31D7 /* PokemonFeedControllerView.xib */; };
		64B0BFF828D50C74000A31D7 /* PokemonFeedController.swift in Sources */ = {isa = PBXBuildFile; fileRef = 64B0BFF728D50C74000A31D7 /* PokemonFeedController.swift */; };
		64FCBEB128D35ECE00833584 /* AppDelegate.swift in Sources */ = {isa = PBXBuildFile; fileRef = 64FCBEB028D35ECE00833584 /* AppDelegate.swift */; };
		64FCBEBA28D35ECF00833584 /* Assets.xcassets in Resources */ = {isa = PBXBuildFile; fileRef = 64FCBEB928D35ECF00833584 /* Assets.xcassets */; };
		64FCBEBD28D35ECF00833584 /* LaunchScreen.storyboard in Resources */ = {isa = PBXBuildFile; fileRef = 64FCBEBB28D35ECF00833584 /* LaunchScreen.storyboard */; };
		64FCBECB28D3640B00833584 /* BaseViewController.swift in Sources */ = {isa = PBXBuildFile; fileRef = 64FCBECA28D3640B00833584 /* BaseViewController.swift */; };
		64FCBECE28D3645A00833584 /* BaseView.swift in Sources */ = {isa = PBXBuildFile; fileRef = 64FCBECD28D3645A00833584 /* BaseView.swift */; };
		64FCBED128D364F800833584 /* NibInstantiable.swift in Sources */ = {isa = PBXBuildFile; fileRef = 64FCBED028D364F800833584 /* NibInstantiable.swift */; };
		64FCBED428D3675500833584 /* UIViewExtensions.swift in Sources */ = {isa = PBXBuildFile; fileRef = 64FCBED328D3675500833584 /* UIViewExtensions.swift */; };
		64FCBED928D36E0F00833584 /* BaseTableViewViewModel.swift in Sources */ = {isa = PBXBuildFile; fileRef = 64FCBED828D36E0F00833584 /* BaseTableViewViewModel.swift */; };
		64FCBEDC28D36EDB00833584 /* TableSceneModels.swift in Sources */ = {isa = PBXBuildFile; fileRef = 64FCBEDB28D36EDB00833584 /* TableSceneModels.swift */; };
		64FCBEDF28D37EC500833584 /* TableSectionModel.swift in Sources */ = {isa = PBXBuildFile; fileRef = 64FCBEDE28D37EC500833584 /* TableSectionModel.swift */; };
		64FCBEE128D37FB600833584 /* BaseTableViewReusableViews.swift in Sources */ = {isa = PBXBuildFile; fileRef = 64FCBEE028D37FB600833584 /* BaseTableViewReusableViews.swift */; };
		64FCBEE528D38C2700833584 /* BaseTableViewControllerView.swift in Sources */ = {isa = PBXBuildFile; fileRef = 64FCBEE428D38C2700833584 /* BaseTableViewControllerView.swift */; };
		64FCBEE728D38C9700833584 /* BaseTableViewController.swift in Sources */ = {isa = PBXBuildFile; fileRef = 64FCBEE628D38C9700833584 /* BaseTableViewController.swift */; };
		64FCBEE928D38E3C00833584 /* UITableViewCell+NibInstantiable.swift in Sources */ = {isa = PBXBuildFile; fileRef = 64FCBEE828D38E3C00833584 /* UITableViewCell+NibInstantiable.swift */; };
		64FCBEEB28D3A34200833584 /* ApplicableActionModel.swift in Sources */ = {isa = PBXBuildFile; fileRef = 64FCBEEA28D3A34200833584 /* ApplicableActionModel.swift */; };
		64FCBEED28D3A36C00833584 /* Aliases.swift in Sources */ = {isa = PBXBuildFile; fileRef = 64FCBEEC28D3A36C00833584 /* Aliases.swift */; };
		64FCBEF928D4F1D500833584 /* BaseTableViewViewModelProtocol.swift in Sources */ = {isa = PBXBuildFile; fileRef = 64FCBEF828D4F1D500833584 /* BaseTableViewViewModelProtocol.swift */; };
		64FCBEFB28D4F71900833584 /* UITableViewCell+Identifier.swift in Sources */ = {isa = PBXBuildFile; fileRef = 64FCBEFA28D4F71900833584 /* UITableViewCell+Identifier.swift */; };
		64FCBF0728D5005600833584 /* AppFlowCoordinator.swift in Sources */ = {isa = PBXBuildFile; fileRef = 64FCBF0628D5005600833584 /* AppFlowCoordinator.swift */; };
		64FCBF0B28D501F500833584 /* PokemonFeedSceneFlowCoordinator.swift in Sources */ = {isa = PBXBuildFile; fileRef = 64FCBF0A28D501F500833584 /* PokemonFeedSceneFlowCoordinator.swift */; };
		64FCBF0F28D5032100833584 /* PokemonFeedViewModel.swift in Sources */ = {isa = PBXBuildFile; fileRef = 64FCBF0E28D5032100833584 /* PokemonFeedViewModel.swift */; };
/* End PBXBuildFile section */

/* Begin PBXFileReference section */
		6413EDBB28D514190065D238 /* PokemonFeedItemCell.swift */ = {isa = PBXFileReference; lastKnownFileType = sourcecode.swift; path = PokemonFeedItemCell.swift; sourceTree = "<group>"; };
		6413EDBD28D514640065D238 /* PokemonFeedItemCell.xib */ = {isa = PBXFileReference; lastKnownFileType = file.xib; path = PokemonFeedItemCell.xib; sourceTree = "<group>"; };
		6413EDC028D515960065D238 /* AppDIContainer.swift */ = {isa = PBXFileReference; lastKnownFileType = sourcecode.swift; path = AppDIContainer.swift; sourceTree = "<group>"; };
		6413EDC228D515B30065D238 /* PokemonFeedSceneDIContainer.swift */ = {isa = PBXFileReference; lastKnownFileType = sourcecode.swift; path = PokemonFeedSceneDIContainer.swift; sourceTree = "<group>"; };
		6421E7D228D5A9E00034E91F /* HTTPClient.swift */ = {isa = PBXFileReference; lastKnownFileType = sourcecode.swift; path = HTTPClient.swift; sourceTree = "<group>"; };
		6421E7D428D5AAA60034E91F /* URLSessionHTTPClient.swift */ = {isa = PBXFileReference; lastKnownFileType = sourcecode.swift; path = URLSessionHTTPClient.swift; sourceTree = "<group>"; };
		6421E7D628D5AFB80034E91F /* NetworkService.swift */ = {isa = PBXFileReference; lastKnownFileType = sourcecode.swift; path = NetworkService.swift; sourceTree = "<group>"; };
		6421E7D828D5B0320034E91F /* RestApiNetworkService.swift */ = {isa = PBXFileReference; lastKnownFileType = sourcecode.swift; path = RestApiNetworkService.swift; sourceTree = "<group>"; };
		6421E7DA28D5B0BF0034E91F /* HTTPClient+Combine.swift */ = {isa = PBXFileReference; lastKnownFileType = sourcecode.swift; path = "HTTPClient+Combine.swift"; sourceTree = "<group>"; };
		6421E7DD28D5B5A80034E91F /* PokemonFeedRepository.swift */ = {isa = PBXFileReference; lastKnownFileType = sourcecode.swift; path = PokemonFeedRepository.swift; sourceTree = "<group>"; };
		6421E7E128D5B6750034E91F /* PokemonFeedRepositoryImpl.swift */ = {isa = PBXFileReference; lastKnownFileType = sourcecode.swift; path = PokemonFeedRepositoryImpl.swift; sourceTree = "<group>"; };
		6421E7E528D5B7570034E91F /* GetPokemonFeedApiEndpoint.swift */ = {isa = PBXFileReference; lastKnownFileType = sourcecode.swift; path = GetPokemonFeedApiEndpoint.swift; sourceTree = "<group>"; };
		6421E7E728D5B89C0034E91F /* PokemonFeedResultMapper.swift */ = {isa = PBXFileReference; lastKnownFileType = sourcecode.swift; path = PokemonFeedResultMapper.swift; sourceTree = "<group>"; };
		6421E7E928D5BA100034E91F /* PokemonFeedPage.swift */ = {isa = PBXFileReference; lastKnownFileType = sourcecode.swift; path = PokemonFeedPage.swift; sourceTree = "<group>"; };
		6421E7EC28D5BD2C0034E91F /* HTTPURLResponse+StatusCode.swift */ = {isa = PBXFileReference; lastKnownFileType = sourcecode.swift; path = "HTTPURLResponse+StatusCode.swift"; sourceTree = "<group>"; };
		6421E7EE28D5C0240034E91F /* GetPokemonFeedUseCaseImpl.swift */ = {isa = PBXFileReference; lastKnownFileType = sourcecode.swift; path = GetPokemonFeedUseCaseImpl.swift; sourceTree = "<group>"; };
		6421E7FB28D5FBCE0034E91F /* UIImageView+SetImage.swift */ = {isa = PBXFileReference; lastKnownFileType = sourcecode.swift; path = "UIImageView+SetImage.swift"; sourceTree = "<group>"; };
		6421E7FE28D5FCEA0034E91F /* DefinedImages.swift */ = {isa = PBXFileReference; lastKnownFileType = sourcecode.swift; path = DefinedImages.swift; sourceTree = "<group>"; };
		6421E80328D603110034E91F /* InMemoryPokemonFeedStorage.swift */ = {isa = PBXFileReference; fileEncoding = 4; lastKnownFileType = sourcecode.swift; path = InMemoryPokemonFeedStorage.swift; sourceTree = "<group>"; };
		6421E80428D603110034E91F /* PokemonFeedStorage.swift */ = {isa = PBXFileReference; fileEncoding = 4; lastKnownFileType = sourcecode.swift; path = PokemonFeedStorage.swift; sourceTree = "<group>"; };
		6421E80728D616230034E91F /* PokemonFeedTotalCountResultMapper.swift */ = {isa = PBXFileReference; lastKnownFileType = sourcecode.swift; path = PokemonFeedTotalCountResultMapper.swift; sourceTree = "<group>"; };
		6421E80928D616BD0034E91F /* HTTPURLResponseValidator.swift */ = {isa = PBXFileReference; lastKnownFileType = sourcecode.swift; path = HTTPURLResponseValidator.swift; sourceTree = "<group>"; };
		6421E80C28D61BA60034E91F /* UIView+ActivityIndicatorView.swift */ = {isa = PBXFileReference; fileEncoding = 4; lastKnownFileType = sourcecode.swift; path = "UIView+ActivityIndicatorView.swift"; sourceTree = "<group>"; };
		6421E80D28D61BA60034E91F /* ActivityIndicatorView.swift */ = {isa = PBXFileReference; fileEncoding = 4; lastKnownFileType = sourcecode.swift; path = ActivityIndicatorView.swift; sourceTree = "<group>"; };
		6421E81028D61F730034E91F /* PokemonFeedQuery.swift */ = {isa = PBXFileReference; lastKnownFileType = sourcecode.swift; path = PokemonFeedQuery.swift; sourceTree = "<group>"; };
		6421E81228D620810034E91F /* String+Extended.swift */ = {isa = PBXFileReference; lastKnownFileType = sourcecode.swift; path = "String+Extended.swift"; sourceTree = "<group>"; };
		6421E81528D621AA0034E91F /* PokemonFeedRequestDTO.swift */ = {isa = PBXFileReference; lastKnownFileType = sourcecode.swift; path = PokemonFeedRequestDTO.swift; sourceTree = "<group>"; };
		6421E81828D623BC0034E91F /* KeyboardObserver.swift */ = {isa = PBXFileReference; fileEncoding = 4; lastKnownFileType = sourcecode.swift; path = KeyboardObserver.swift; sourceTree = "<group>"; };
		6421E81928D623BC0034E91F /* KeyboardScrollViewObserver.swift */ = {isa = PBXFileReference; fileEncoding = 4; lastKnownFileType = sourcecode.swift; path = KeyboardScrollViewObserver.swift; sourceTree = "<group>"; };
		64B0BFE728D505EB000A31D7 /* PokemonFeedViewModelImpl.swift */ = {isa = PBXFileReference; lastKnownFileType = sourcecode.swift; path = PokemonFeedViewModelImpl.swift; sourceTree = "<group>"; };
		64B0BFEA28D506CD000A31D7 /* GetPokemonFeedUseCase.swift */ = {isa = PBXFileReference; lastKnownFileType = sourcecode.swift; path = GetPokemonFeedUseCase.swift; sourceTree = "<group>"; };
		64B0BFEE28D5071D000A31D7 /* Pokemon.swift */ = {isa = PBXFileReference; lastKnownFileType = sourcecode.swift; path = Pokemon.swift; sourceTree = "<group>"; };
		64B0BFF328D50BED000A31D7 /* PokemonFeedControllerView.swift */ = {isa = PBXFileReference; lastKnownFileType = sourcecode.swift; path = PokemonFeedControllerView.swift; sourceTree = "<group>"; };
		64B0BFF528D50C2E000A31D7 /* PokemonFeedControllerView.xib */ = {isa = PBXFileReference; lastKnownFileType = file.xib; path = PokemonFeedControllerView.xib; sourceTree = "<group>"; };
		64B0BFF728D50C74000A31D7 /* PokemonFeedController.swift */ = {isa = PBXFileReference; lastKnownFileType = sourcecode.swift; path = PokemonFeedController.swift; sourceTree = "<group>"; };
		64FCBEAD28D35ECE00833584 /* PokemonFeed.app */ = {isa = PBXFileReference; explicitFileType = wrapper.application; includeInIndex = 0; path = PokemonFeed.app; sourceTree = BUILT_PRODUCTS_DIR; };
		64FCBEB028D35ECE00833584 /* AppDelegate.swift */ = {isa = PBXFileReference; lastKnownFileType = sourcecode.swift; path = AppDelegate.swift; sourceTree = "<group>"; };
		64FCBEB928D35ECF00833584 /* Assets.xcassets */ = {isa = PBXFileReference; lastKnownFileType = folder.assetcatalog; path = Assets.xcassets; sourceTree = "<group>"; };
		64FCBEBC28D35ECF00833584 /* Base */ = {isa = PBXFileReference; lastKnownFileType = file.storyboard; name = Base; path = Base.lproj/LaunchScreen.storyboard; sourceTree = "<group>"; };
		64FCBECA28D3640B00833584 /* BaseViewController.swift */ = {isa = PBXFileReference; lastKnownFileType = sourcecode.swift; path = BaseViewController.swift; sourceTree = "<group>"; };
		64FCBECD28D3645A00833584 /* BaseView.swift */ = {isa = PBXFileReference; lastKnownFileType = sourcecode.swift; path = BaseView.swift; sourceTree = "<group>"; };
		64FCBED028D364F800833584 /* NibInstantiable.swift */ = {isa = PBXFileReference; lastKnownFileType = sourcecode.swift; path = NibInstantiable.swift; sourceTree = "<group>"; };
		64FCBED328D3675500833584 /* UIViewExtensions.swift */ = {isa = PBXFileReference; lastKnownFileType = sourcecode.swift; path = UIViewExtensions.swift; sourceTree = "<group>"; };
		64FCBED828D36E0F00833584 /* BaseTableViewViewModel.swift */ = {isa = PBXFileReference; lastKnownFileType = sourcecode.swift; path = BaseTableViewViewModel.swift; sourceTree = "<group>"; };
		64FCBEDB28D36EDB00833584 /* TableSceneModels.swift */ = {isa = PBXFileReference; lastKnownFileType = sourcecode.swift; path = TableSceneModels.swift; sourceTree = "<group>"; };
		64FCBEDE28D37EC500833584 /* TableSectionModel.swift */ = {isa = PBXFileReference; lastKnownFileType = sourcecode.swift; path = TableSectionModel.swift; sourceTree = "<group>"; };
		64FCBEE028D37FB600833584 /* BaseTableViewReusableViews.swift */ = {isa = PBXFileReference; lastKnownFileType = sourcecode.swift; path = BaseTableViewReusableViews.swift; sourceTree = "<group>"; };
		64FCBEE428D38C2700833584 /* BaseTableViewControllerView.swift */ = {isa = PBXFileReference; lastKnownFileType = sourcecode.swift; path = BaseTableViewControllerView.swift; sourceTree = "<group>"; };
		64FCBEE628D38C9700833584 /* BaseTableViewController.swift */ = {isa = PBXFileReference; lastKnownFileType = sourcecode.swift; path = BaseTableViewController.swift; sourceTree = "<group>"; };
		64FCBEE828D38E3C00833584 /* UITableViewCell+NibInstantiable.swift */ = {isa = PBXFileReference; lastKnownFileType = sourcecode.swift; path = "UITableViewCell+NibInstantiable.swift"; sourceTree = "<group>"; };
		64FCBEEA28D3A34200833584 /* ApplicableActionModel.swift */ = {isa = PBXFileReference; lastKnownFileType = sourcecode.swift; path = ApplicableActionModel.swift; sourceTree = "<group>"; };
		64FCBEEC28D3A36C00833584 /* Aliases.swift */ = {isa = PBXFileReference; lastKnownFileType = sourcecode.swift; path = Aliases.swift; sourceTree = "<group>"; };
		64FCBEF828D4F1D500833584 /* BaseTableViewViewModelProtocol.swift */ = {isa = PBXFileReference; lastKnownFileType = sourcecode.swift; path = BaseTableViewViewModelProtocol.swift; sourceTree = "<group>"; };
		64FCBEFA28D4F71900833584 /* UITableViewCell+Identifier.swift */ = {isa = PBXFileReference; lastKnownFileType = sourcecode.swift; path = "UITableViewCell+Identifier.swift"; sourceTree = "<group>"; };
		64FCBF0628D5005600833584 /* AppFlowCoordinator.swift */ = {isa = PBXFileReference; lastKnownFileType = sourcecode.swift; path = AppFlowCoordinator.swift; sourceTree = "<group>"; };
		64FCBF0A28D501F500833584 /* PokemonFeedSceneFlowCoordinator.swift */ = {isa = PBXFileReference; lastKnownFileType = sourcecode.swift; path = PokemonFeedSceneFlowCoordinator.swift; sourceTree = "<group>"; };
		64FCBF0E28D5032100833584 /* PokemonFeedViewModel.swift */ = {isa = PBXFileReference; lastKnownFileType = sourcecode.swift; path = PokemonFeedViewModel.swift; sourceTree = "<group>"; };
/* End PBXFileReference section */

/* Begin PBXFrameworksBuildPhase section */
		64FCBEAA28D35ECE00833584 /* Frameworks */ = {
			isa = PBXFrameworksBuildPhase;
			buildActionMask = 2147483647;
			files = (
				6421E7F828D5FAC50034E91F /* Kingfisher in Frameworks */,
			);
			runOnlyForDeploymentPostprocessing = 0;
		};
/* End PBXFrameworksBuildPhase section */

/* Begin PBXGroup section */
		6413EDBA28D514130065D238 /* Cells */ = {
			isa = PBXGroup;
			children = (
				6413EDBD28D514640065D238 /* PokemonFeedItemCell.xib */,
				6413EDBB28D514190065D238 /* PokemonFeedItemCell.swift */,
			);
			path = Cells;
			sourceTree = "<group>";
		};
		6413EDBF28D5158B0065D238 /* DIContainer */ = {
			isa = PBXGroup;
			children = (
				6413EDC028D515960065D238 /* AppDIContainer.swift */,
				6413EDC228D515B30065D238 /* PokemonFeedSceneDIContainer.swift */,
			);
			path = DIContainer;
			sourceTree = "<group>";
		};
		6421E7D028D5A9BB0034E91F /* Infrastructure */ = {
			isa = PBXGroup;
			children = (
				6421E7E328D5B7330034E91F /* API */,
				6421E7D128D5A9C30034E91F /* Network */,
			);
			path = Infrastructure;
			sourceTree = "<group>";
		};
		6421E7D128D5A9C30034E91F /* Network */ = {
			isa = PBXGroup;
			children = (
				6421E7D228D5A9E00034E91F /* HTTPClient.swift */,
				6421E7DA28D5B0BF0034E91F /* HTTPClient+Combine.swift */,
				6421E7D428D5AAA60034E91F /* URLSessionHTTPClient.swift */,
				6421E7D628D5AFB80034E91F /* NetworkService.swift */,
				6421E7D828D5B0320034E91F /* RestApiNetworkService.swift */,
			);
			path = Network;
			sourceTree = "<group>";
		};
		6421E7DC28D5B58D0034E91F /* Interfaces */ = {
			isa = PBXGroup;
			children = (
				6421E7DD28D5B5A80034E91F /* PokemonFeedRepository.swift */,
			);
			path = Interfaces;
			sourceTree = "<group>";
		};
		6421E7DF28D5B6550034E91F /* Data */ = {
			isa = PBXGroup;
			children = (
				6421E81428D621A40034E91F /* Network */,
				6421E80128D603110034E91F /* PersistentStorages */,
				6421E7E028D5B66D0034E91F /* Repositories */,
			);
			path = Data;
			sourceTree = "<group>";
		};
		6421E7E028D5B66D0034E91F /* Repositories */ = {
			isa = PBXGroup;
			children = (
				6421E7E128D5B6750034E91F /* PokemonFeedRepositoryImpl.swift */,
			);
			path = Repositories;
			sourceTree = "<group>";
		};
		6421E7E328D5B7330034E91F /* API */ = {
			isa = PBXGroup;
			children = (
				6421E7EB28D5BD190034E91F /* Helpers */,
				6421E7E428D5B7410034E91F /* PokemonFeed */,
			);
			path = API;
			sourceTree = "<group>";
		};
		6421E7E428D5B7410034E91F /* PokemonFeed */ = {
			isa = PBXGroup;
			children = (
				6421E7E528D5B7570034E91F /* GetPokemonFeedApiEndpoint.swift */,
				6421E7E728D5B89C0034E91F /* PokemonFeedResultMapper.swift */,
				6421E80728D616230034E91F /* PokemonFeedTotalCountResultMapper.swift */,
			);
			path = PokemonFeed;
			sourceTree = "<group>";
		};
		6421E7EB28D5BD190034E91F /* Helpers */ = {
			isa = PBXGroup;
			children = (
				6421E7EC28D5BD2C0034E91F /* HTTPURLResponse+StatusCode.swift */,
				6421E80928D616BD0034E91F /* HTTPURLResponseValidator.swift */,
			);
			path = Helpers;
			sourceTree = "<group>";
		};
		6421E7F928D5FBB20034E91F /* Utils */ = {
			isa = PBXGroup;
			children = (
				6421E80B28D61BA60034E91F /* ActivityIndicatorView */,
				6421E7FA28D5FBB90034E91F /* Extensions */,
				6421E81728D623BC0034E91F /* KeyboardObservers */,
			);
			path = Utils;
			sourceTree = "<group>";
		};
		6421E7FA28D5FBB90034E91F /* Extensions */ = {
			isa = PBXGroup;
			children = (
				6421E7FB28D5FBCE0034E91F /* UIImageView+SetImage.swift */,
				6421E81228D620810034E91F /* String+Extended.swift */,
			);
			path = Extensions;
			sourceTree = "<group>";
		};
		6421E7FD28D5FC780034E91F /* Constants */ = {
			isa = PBXGroup;
			children = (
				6421E7FE28D5FCEA0034E91F /* DefinedImages.swift */,
			);
			path = Constants;
			sourceTree = "<group>";
		};
		6421E80128D603110034E91F /* PersistentStorages */ = {
			isa = PBXGroup;
			children = (
				6421E80228D603110034E91F /* PokemonFeedStorage */,
			);
			path = PersistentStorages;
			sourceTree = "<group>";
		};
		6421E80228D603110034E91F /* PokemonFeedStorage */ = {
			isa = PBXGroup;
			children = (
				6421E80428D603110034E91F /* PokemonFeedStorage.swift */,
				6421E80328D603110034E91F /* InMemoryPokemonFeedStorage.swift */,
			);
			path = PokemonFeedStorage;
			sourceTree = "<group>";
		};
		6421E80B28D61BA60034E91F /* ActivityIndicatorView */ = {
			isa = PBXGroup;
			children = (
				6421E80D28D61BA60034E91F /* ActivityIndicatorView.swift */,
				6421E80C28D61BA60034E91F /* UIView+ActivityIndicatorView.swift */,
			);
			path = ActivityIndicatorView;
			sourceTree = "<group>";
		};
		6421E81428D621A40034E91F /* Network */ = {
			isa = PBXGroup;
			children = (
				6421E81528D621AA0034E91F /* PokemonFeedRequestDTO.swift */,
			);
			path = Network;
			sourceTree = "<group>";
		};
		6421E81728D623BC0034E91F /* KeyboardObservers */ = {
			isa = PBXGroup;
			children = (
				6421E81828D623BC0034E91F /* KeyboardObserver.swift */,
				6421E81928D623BC0034E91F /* KeyboardScrollViewObserver.swift */,
			);
			path = KeyboardObservers;
			sourceTree = "<group>";
		};
		64B0BFE928D506C6000A31D7 /* Domain */ = {
			isa = PBXGroup;
			children = (
				64B0BFED28D50711000A31D7 /* Entities */,
				64B0BFEC28D50709000A31D7 /* UseCases */,
				6421E7DC28D5B58D0034E91F /* Interfaces */,
			);
			path = Domain;
			sourceTree = "<group>";
		};
		64B0BFEC28D50709000A31D7 /* UseCases */ = {
			isa = PBXGroup;
			children = (
				64B0BFEA28D506CD000A31D7 /* GetPokemonFeedUseCase.swift */,
				6421E7EE28D5C0240034E91F /* GetPokemonFeedUseCaseImpl.swift */,
			);
			path = UseCases;
			sourceTree = "<group>";
		};
		64B0BFED28D50711000A31D7 /* Entities */ = {
			isa = PBXGroup;
			children = (
				64B0BFEE28D5071D000A31D7 /* Pokemon.swift */,
				6421E7E928D5BA100034E91F /* PokemonFeedPage.swift */,
				6421E81028D61F730034E91F /* PokemonFeedQuery.swift */,
			);
			path = Entities;
			sourceTree = "<group>";
		};
		64B0BFF228D50BD3000A31D7 /* View */ = {
			isa = PBXGroup;
			children = (
				64B0BFF528D50C2E000A31D7 /* PokemonFeedControllerView.xib */,
				64B0BFF328D50BED000A31D7 /* PokemonFeedControllerView.swift */,
				64B0BFF728D50C74000A31D7 /* PokemonFeedController.swift */,
				6413EDBA28D514130065D238 /* Cells */,
			);
			path = View;
			sourceTree = "<group>";
		};
		64FCBEA428D35ECD00833584 = {
			isa = PBXGroup;
			children = (
				64FCBEAF28D35ECE00833584 /* PokemonFeed */,
				64FCBEAE28D35ECE00833584 /* Products */,
			);
			sourceTree = "<group>";
		};
		64FCBEAE28D35ECE00833584 /* Products */ = {
			isa = PBXGroup;
			children = (
				64FCBEAD28D35ECE00833584 /* PokemonFeed.app */,
			);
			name = Products;
			sourceTree = "<group>";
		};
		64FCBEAF28D35ECE00833584 /* PokemonFeed */ = {
			isa = PBXGroup;
			children = (
				64FCBEC428D3603200833584 /* Application */,
				6421E7FD28D5FC780034E91F /* Constants */,
				64FCBEC828D363EF00833584 /* Core */,
				6421E7DF28D5B6550034E91F /* Data */,
				64B0BFE928D506C6000A31D7 /* Domain */,
				6421E7D028D5A9BB0034E91F /* Infrastructure */,
				64FCBEC628D3605100833584 /* Presentation */,
				64FCBEC528D3603D00833584 /* Resources */,
				6421E7F928D5FBB20034E91F /* Utils */,
			);
			path = PokemonFeed;
			sourceTree = "<group>";
		};
		64FCBEC428D3603200833584 /* Application */ = {
			isa = PBXGroup;
			children = (
				64FCBEB028D35ECE00833584 /* AppDelegate.swift */,
				64FCBF0628D5005600833584 /* AppFlowCoordinator.swift */,
				6413EDBF28D5158B0065D238 /* DIContainer */,
			);
			path = Application;
			sourceTree = "<group>";
		};
		64FCBEC528D3603D00833584 /* Resources */ = {
			isa = PBXGroup;
			children = (
				64FCBEB928D35ECF00833584 /* Assets.xcassets */,
			);
			path = Resources;
			sourceTree = "<group>";
		};
		64FCBEC628D3605100833584 /* Presentation */ = {
			isa = PBXGroup;
			children = (
				64FCBF0828D501D200833584 /* PokemonFeedScene */,
				64FCBEBB28D35ECF00833584 /* LaunchScreen.storyboard */,
			);
			path = Presentation;
			sourceTree = "<group>";
		};
		64FCBEC828D363EF00833584 /* Core */ = {
			isa = PBXGroup;
			children = (
				64FCBEC928D363F600833584 /* BaseSceneClasses */,
				64FCBED628D3691A00833584 /* BaseTableViewSceneClasses */,
				64FCBECF28D364E700833584 /* Helpers */,
				64FCBED228D3673D00833584 /* Extensions */,
			);
			path = Core;
			sourceTree = "<group>";
		};
		64FCBEC928D363F600833584 /* BaseSceneClasses */ = {
			isa = PBXGroup;
			children = (
				64FCBECC28D3644500833584 /* View */,
			);
			path = BaseSceneClasses;
			sourceTree = "<group>";
		};
		64FCBECC28D3644500833584 /* View */ = {
			isa = PBXGroup;
			children = (
				64FCBECD28D3645A00833584 /* BaseView.swift */,
				64FCBECA28D3640B00833584 /* BaseViewController.swift */,
			);
			path = View;
			sourceTree = "<group>";
		};
		64FCBECF28D364E700833584 /* Helpers */ = {
			isa = PBXGroup;
			children = (
				64FCBEEC28D3A36C00833584 /* Aliases.swift */,
				64FCBED028D364F800833584 /* NibInstantiable.swift */,
				64FCBEEA28D3A34200833584 /* ApplicableActionModel.swift */,
			);
			path = Helpers;
			sourceTree = "<group>";
		};
		64FCBED228D3673D00833584 /* Extensions */ = {
			isa = PBXGroup;
			children = (
				64FCBED328D3675500833584 /* UIViewExtensions.swift */,
				64FCBEE828D38E3C00833584 /* UITableViewCell+NibInstantiable.swift */,
				64FCBEFA28D4F71900833584 /* UITableViewCell+Identifier.swift */,
			);
			path = Extensions;
			sourceTree = "<group>";
		};
		64FCBED628D3691A00833584 /* BaseTableViewSceneClasses */ = {
			isa = PBXGroup;
			children = (
				64FCBED728D36D9100833584 /* ViewModel */,
				64FCBEE228D38BCA00833584 /* View */,
				64FCBEDA28D36E2000833584 /* Models */,
			);
			path = BaseTableViewSceneClasses;
			sourceTree = "<group>";
		};
		64FCBED728D36D9100833584 /* ViewModel */ = {
			isa = PBXGroup;
			children = (
				64FCBEF828D4F1D500833584 /* BaseTableViewViewModelProtocol.swift */,
				64FCBED828D36E0F00833584 /* BaseTableViewViewModel.swift */,
			);
			path = ViewModel;
			sourceTree = "<group>";
		};
		64FCBEDA28D36E2000833584 /* Models */ = {
			isa = PBXGroup;
			children = (
				64FCBEDB28D36EDB00833584 /* TableSceneModels.swift */,
				64FCBEDE28D37EC500833584 /* TableSectionModel.swift */,
				64FCBEE028D37FB600833584 /* BaseTableViewReusableViews.swift */,
			);
			path = Models;
			sourceTree = "<group>";
		};
		64FCBEE228D38BCA00833584 /* View */ = {
			isa = PBXGroup;
			children = (
				64FCBEE428D38C2700833584 /* BaseTableViewControllerView.swift */,
				64FCBEE628D38C9700833584 /* BaseTableViewController.swift */,
			);
			path = View;
			sourceTree = "<group>";
		};
		64FCBF0828D501D200833584 /* PokemonFeedScene */ = {
			isa = PBXGroup;
			children = (
				64FCBF0928D501DB00833584 /* Flows */,
				64FCBF0C28D502E400833584 /* PokemonFeed */,
			);
			path = PokemonFeedScene;
			sourceTree = "<group>";
		};
		64FCBF0928D501DB00833584 /* Flows */ = {
			isa = PBXGroup;
			children = (
				64FCBF0A28D501F500833584 /* PokemonFeedSceneFlowCoordinator.swift */,
			);
			path = Flows;
			sourceTree = "<group>";
		};
		64FCBF0C28D502E400833584 /* PokemonFeed */ = {
			isa = PBXGroup;
			children = (
				64FCBF0D28D502EE00833584 /* ViewModel */,
				64B0BFF228D50BD3000A31D7 /* View */,
			);
			path = PokemonFeed;
			sourceTree = "<group>";
		};
		64FCBF0D28D502EE00833584 /* ViewModel */ = {
			isa = PBXGroup;
			children = (
				64FCBF0E28D5032100833584 /* PokemonFeedViewModel.swift */,
				64B0BFE728D505EB000A31D7 /* PokemonFeedViewModelImpl.swift */,
			);
			path = ViewModel;
			sourceTree = "<group>";
		};
/* End PBXGroup section */

/* Begin PBXNativeTarget section */
		64FCBEAC28D35ECE00833584 /* PokemonFeed */ = {
			isa = PBXNativeTarget;
			buildConfigurationList = 64FCBEC128D35ECF00833584 /* Build configuration list for PBXNativeTarget "PokemonFeed" */;
			buildPhases = (
				64FCBEA928D35ECE00833584 /* Sources */,
				64FCBEAA28D35ECE00833584 /* Frameworks */,
				64FCBEAB28D35ECE00833584 /* Resources */,
				64FCBEDD28D376CC00833584 /* Swift Lint */,
			);
			buildRules = (
			);
			dependencies = (
			);
			name = PokemonFeed;
			packageProductDependencies = (
				6421E7F728D5FAC50034E91F /* Kingfisher */,
			);
			productName = PokemonFeed;
			productReference = 64FCBEAD28D35ECE00833584 /* PokemonFeed.app */;
			productType = "com.apple.product-type.application";
		};
/* End PBXNativeTarget section */

/* Begin PBXProject section */
		64FCBEA528D35ECE00833584 /* Project object */ = {
			isa = PBXProject;
			attributes = {
				BuildIndependentTargetsInParallel = 1;
				LastSwiftUpdateCheck = 1340;
				LastUpgradeCheck = 1340;
				TargetAttributes = {
					64FCBEAC28D35ECE00833584 = {
						CreatedOnToolsVersion = 13.4.1;
					};
				};
			};
			buildConfigurationList = 64FCBEA828D35ECE00833584 /* Build configuration list for PBXProject "PokemonFeed" */;
			compatibilityVersion = "Xcode 13.0";
			developmentRegion = en;
			hasScannedForEncodings = 0;
			knownRegions = (
				en,
				Base,
			);
			mainGroup = 64FCBEA428D35ECD00833584;
			packageReferences = (
				6421E7F628D5FAC50034E91F /* XCRemoteSwiftPackageReference "Kingfisher" */,
			);
			productRefGroup = 64FCBEAE28D35ECE00833584 /* Products */;
			projectDirPath = "";
			projectRoot = "";
			targets = (
				64FCBEAC28D35ECE00833584 /* PokemonFeed */,
			);
		};
/* End PBXProject section */

/* Begin PBXResourcesBuildPhase section */
		64FCBEAB28D35ECE00833584 /* Resources */ = {
			isa = PBXResourcesBuildPhase;
			buildActionMask = 2147483647;
			files = (
				6413EDBE28D514640065D238 /* PokemonFeedItemCell.xib in Resources */,
				64B0BFF628D50C2E000A31D7 /* PokemonFeedControllerView.xib in Resources */,
				64FCBEBD28D35ECF00833584 /* LaunchScreen.storyboard in Resources */,
				64FCBEBA28D35ECF00833584 /* Assets.xcassets in Resources */,
			);
			runOnlyForDeploymentPostprocessing = 0;
		};
/* End PBXResourcesBuildPhase section */

/* Begin PBXShellScriptBuildPhase section */
		64FCBEDD28D376CC00833584 /* Swift Lint */ = {
			isa = PBXShellScriptBuildPhase;
			buildActionMask = 2147483647;
			files = (
			);
			inputFileListPaths = (
			);
			inputPaths = (
			);
			name = "Swift Lint";
			outputFileListPaths = (
			);
			outputPaths = (
			);
			runOnlyForDeploymentPostprocessing = 0;
			shellPath = /bin/sh;
			shellScript = "export PATH=\"$PATH:/opt/homebrew/bin\"\nif which swiftlint >/dev/null; then\n  swiftlint\nelse\n  echo \"warning: SwiftLint not installed, download from https://github.com/realm/SwiftLint\"\nfi\n";
		};
/* End PBXShellScriptBuildPhase section */

/* Begin PBXSourcesBuildPhase section */
		64FCBEA928D35ECE00833584 /* Sources */ = {
			isa = PBXSourcesBuildPhase;
			buildActionMask = 2147483647;
			files = (
				64FCBEEB28D3A34200833584 /* ApplicableActionModel.swift in Sources */,
				64FCBEDF28D37EC500833584 /* TableSectionModel.swift in Sources */,
				64FCBEE528D38C2700833584 /* BaseTableViewControllerView.swift in Sources */,
				64FCBF0F28D5032100833584 /* PokemonFeedViewModel.swift in Sources */,
				6421E81128D61F730034E91F /* PokemonFeedQuery.swift in Sources */,
				64FCBECE28D3645A00833584 /* BaseView.swift in Sources */,
				6421E7D328D5A9E00034E91F /* HTTPClient.swift in Sources */,
				6421E7E628D5B7570034E91F /* GetPokemonFeedApiEndpoint.swift in Sources */,
				64FCBEFB28D4F71900833584 /* UITableViewCell+Identifier.swift in Sources */,
				6421E80828D616230034E91F /* PokemonFeedTotalCountResultMapper.swift in Sources */,
				6421E7FC28D5FBCE0034E91F /* UIImageView+SetImage.swift in Sources */,
				64FCBED428D3675500833584 /* UIViewExtensions.swift in Sources */,
				64FCBEB128D35ECE00833584 /* AppDelegate.swift in Sources */,
				6421E7EF28D5C0240034E91F /* GetPokemonFeedUseCaseImpl.swift in Sources */,
				6413EDC128D515960065D238 /* AppDIContainer.swift in Sources */,
				6421E7D528D5AAA60034E91F /* URLSessionHTTPClient.swift in Sources */,
				64FCBED928D36E0F00833584 /* BaseTableViewViewModel.swift in Sources */,
				6421E7D928D5B0320034E91F /* RestApiNetworkService.swift in Sources */,
				64FCBEE928D38E3C00833584 /* UITableViewCell+NibInstantiable.swift in Sources */,
				6421E7ED28D5BD2C0034E91F /* HTTPURLResponse+StatusCode.swift in Sources */,
				6421E80528D603110034E91F /* InMemoryPokemonFeedStorage.swift in Sources */,
				6421E7EA28D5BA100034E91F /* PokemonFeedPage.swift in Sources */,
				64FCBEF928D4F1D500833584 /* BaseTableViewViewModelProtocol.swift in Sources */,
				6421E7E828D5B89C0034E91F /* PokemonFeedResultMapper.swift in Sources */,
				6421E80628D603110034E91F /* PokemonFeedStorage.swift in Sources */,
				6421E81328D620810034E91F /* String+Extended.swift in Sources */,
				64FCBF0728D5005600833584 /* AppFlowCoordinator.swift in Sources */,
				64B0BFE828D505EB000A31D7 /* PokemonFeedViewModelImpl.swift in Sources */,
				6421E81B28D623BC0034E91F /* KeyboardScrollViewObserver.swift in Sources */,
				64B0BFF428D50BED000A31D7 /* PokemonFeedControllerView.swift in Sources */,
				64B0BFEB28D506CD000A31D7 /* GetPokemonFeedUseCase.swift in Sources */,
				6413EDC328D515B30065D238 /* PokemonFeedSceneDIContainer.swift in Sources */,
				6421E81A28D623BC0034E91F /* KeyboardObserver.swift in Sources */,
				64FCBED128D364F800833584 /* NibInstantiable.swift in Sources */,
				64FCBECB28D3640B00833584 /* BaseViewController.swift in Sources */,
				64FCBEED28D3A36C00833584 /* Aliases.swift in Sources */,
				64B0BFEF28D5071D000A31D7 /* Pokemon.swift in Sources */,
				64FCBEDC28D36EDB00833584 /* TableSceneModels.swift in Sources */,
				6421E7DB28D5B0BF0034E91F /* HTTPClient+Combine.swift in Sources */,
				64FCBF0B28D501F500833584 /* PokemonFeedSceneFlowCoordinator.swift in Sources */,
				6421E7E228D5B6750034E91F /* PokemonFeedRepositoryImpl.swift in Sources */,
				6413EDBC28D514190065D238 /* PokemonFeedItemCell.swift in Sources */,
				6421E7FF28D5FCEA0034E91F /* DefinedImages.swift in Sources */,
				6421E80F28D61BA60034E91F /* ActivityIndicatorView.swift in Sources */,
				64FCBEE728D38C9700833584 /* BaseTableViewController.swift in Sources */,
				6421E80E28D61BA60034E91F /* UIView+ActivityIndicatorView.swift in Sources */,
				6421E7D728D5AFB80034E91F /* NetworkService.swift in Sources */,
				6421E81628D621AB0034E91F /* PokemonFeedRequestDTO.swift in Sources */,
				6421E7DE28D5B5A80034E91F /* PokemonFeedRepository.swift in Sources */,
				6421E80A28D616BD0034E91F /* HTTPURLResponseValidator.swift in Sources */,
				64FCBEE128D37FB600833584 /* BaseTableViewReusableViews.swift in Sources */,
				64B0BFF828D50C74000A31D7 /* PokemonFeedController.swift in Sources */,
			);
			runOnlyForDeploymentPostprocessing = 0;
		};
/* End PBXSourcesBuildPhase section */

/* Begin PBXVariantGroup section */
		64FCBEBB28D35ECF00833584 /* LaunchScreen.storyboard */ = {
			isa = PBXVariantGroup;
			children = (
				64FCBEBC28D35ECF00833584 /* Base */,
			);
			name = LaunchScreen.storyboard;
			sourceTree = "<group>";
		};
/* End PBXVariantGroup section */

/* Begin XCBuildConfiguration section */
		64FCBEBF28D35ECF00833584 /* Debug */ = {
			isa = XCBuildConfiguration;
			buildSettings = {
				ALWAYS_SEARCH_USER_PATHS = NO;
				CLANG_ANALYZER_NONNULL = YES;
				CLANG_ANALYZER_NUMBER_OBJECT_CONVERSION = YES_AGGRESSIVE;
				CLANG_CXX_LANGUAGE_STANDARD = "gnu++17";
				CLANG_ENABLE_MODULES = YES;
				CLANG_ENABLE_OBJC_ARC = YES;
				CLANG_ENABLE_OBJC_WEAK = YES;
				CLANG_WARN_BLOCK_CAPTURE_AUTORELEASING = YES;
				CLANG_WARN_BOOL_CONVERSION = YES;
				CLANG_WARN_COMMA = YES;
				CLANG_WARN_CONSTANT_CONVERSION = YES;
				CLANG_WARN_DEPRECATED_OBJC_IMPLEMENTATIONS = YES;
				CLANG_WARN_DIRECT_OBJC_ISA_USAGE = YES_ERROR;
				CLANG_WARN_DOCUMENTATION_COMMENTS = YES;
				CLANG_WARN_EMPTY_BODY = YES;
				CLANG_WARN_ENUM_CONVERSION = YES;
				CLANG_WARN_INFINITE_RECURSION = YES;
				CLANG_WARN_INT_CONVERSION = YES;
				CLANG_WARN_NON_LITERAL_NULL_CONVERSION = YES;
				CLANG_WARN_OBJC_IMPLICIT_RETAIN_SELF = YES;
				CLANG_WARN_OBJC_LITERAL_CONVERSION = YES;
				CLANG_WARN_OBJC_ROOT_CLASS = YES_ERROR;
				CLANG_WARN_QUOTED_INCLUDE_IN_FRAMEWORK_HEADER = YES;
				CLANG_WARN_RANGE_LOOP_ANALYSIS = YES;
				CLANG_WARN_STRICT_PROTOTYPES = YES;
				CLANG_WARN_SUSPICIOUS_MOVE = YES;
				CLANG_WARN_UNGUARDED_AVAILABILITY = YES_AGGRESSIVE;
				CLANG_WARN_UNREACHABLE_CODE = YES;
				CLANG_WARN__DUPLICATE_METHOD_MATCH = YES;
				COPY_PHASE_STRIP = NO;
				DEBUG_INFORMATION_FORMAT = dwarf;
				ENABLE_STRICT_OBJC_MSGSEND = YES;
				ENABLE_TESTABILITY = YES;
				GCC_C_LANGUAGE_STANDARD = gnu11;
				GCC_DYNAMIC_NO_PIC = NO;
				GCC_NO_COMMON_BLOCKS = YES;
				GCC_OPTIMIZATION_LEVEL = 0;
				GCC_PREPROCESSOR_DEFINITIONS = (
					"DEBUG=1",
					"$(inherited)",
				);
				GCC_WARN_64_TO_32_BIT_CONVERSION = YES;
				GCC_WARN_ABOUT_RETURN_TYPE = YES_ERROR;
				GCC_WARN_UNDECLARED_SELECTOR = YES;
				GCC_WARN_UNINITIALIZED_AUTOS = YES_AGGRESSIVE;
				GCC_WARN_UNUSED_FUNCTION = YES;
				GCC_WARN_UNUSED_VARIABLE = YES;
				IPHONEOS_DEPLOYMENT_TARGET = 15.5;
				MTL_ENABLE_DEBUG_INFO = INCLUDE_SOURCE;
				MTL_FAST_MATH = YES;
				ONLY_ACTIVE_ARCH = YES;
				SDKROOT = iphoneos;
				SWIFT_ACTIVE_COMPILATION_CONDITIONS = DEBUG;
				SWIFT_OPTIMIZATION_LEVEL = "-Onone";
			};
			name = Debug;
		};
		64FCBEC028D35ECF00833584 /* Release */ = {
			isa = XCBuildConfiguration;
			buildSettings = {
				ALWAYS_SEARCH_USER_PATHS = NO;
				CLANG_ANALYZER_NONNULL = YES;
				CLANG_ANALYZER_NUMBER_OBJECT_CONVERSION = YES_AGGRESSIVE;
				CLANG_CXX_LANGUAGE_STANDARD = "gnu++17";
				CLANG_ENABLE_MODULES = YES;
				CLANG_ENABLE_OBJC_ARC = YES;
				CLANG_ENABLE_OBJC_WEAK = YES;
				CLANG_WARN_BLOCK_CAPTURE_AUTORELEASING = YES;
				CLANG_WARN_BOOL_CONVERSION = YES;
				CLANG_WARN_COMMA = YES;
				CLANG_WARN_CONSTANT_CONVERSION = YES;
				CLANG_WARN_DEPRECATED_OBJC_IMPLEMENTATIONS = YES;
				CLANG_WARN_DIRECT_OBJC_ISA_USAGE = YES_ERROR;
				CLANG_WARN_DOCUMENTATION_COMMENTS = YES;
				CLANG_WARN_EMPTY_BODY = YES;
				CLANG_WARN_ENUM_CONVERSION = YES;
				CLANG_WARN_INFINITE_RECURSION = YES;
				CLANG_WARN_INT_CONVERSION = YES;
				CLANG_WARN_NON_LITERAL_NULL_CONVERSION = YES;
				CLANG_WARN_OBJC_IMPLICIT_RETAIN_SELF = YES;
				CLANG_WARN_OBJC_LITERAL_CONVERSION = YES;
				CLANG_WARN_OBJC_ROOT_CLASS = YES_ERROR;
				CLANG_WARN_QUOTED_INCLUDE_IN_FRAMEWORK_HEADER = YES;
				CLANG_WARN_RANGE_LOOP_ANALYSIS = YES;
				CLANG_WARN_STRICT_PROTOTYPES = YES;
				CLANG_WARN_SUSPICIOUS_MOVE = YES;
				CLANG_WARN_UNGUARDED_AVAILABILITY = YES_AGGRESSIVE;
				CLANG_WARN_UNREACHABLE_CODE = YES;
				CLANG_WARN__DUPLICATE_METHOD_MATCH = YES;
				COPY_PHASE_STRIP = NO;
				DEBUG_INFORMATION_FORMAT = "dwarf-with-dsym";
				ENABLE_NS_ASSERTIONS = NO;
				ENABLE_STRICT_OBJC_MSGSEND = YES;
				GCC_C_LANGUAGE_STANDARD = gnu11;
				GCC_NO_COMMON_BLOCKS = YES;
				GCC_WARN_64_TO_32_BIT_CONVERSION = YES;
				GCC_WARN_ABOUT_RETURN_TYPE = YES_ERROR;
				GCC_WARN_UNDECLARED_SELECTOR = YES;
				GCC_WARN_UNINITIALIZED_AUTOS = YES_AGGRESSIVE;
				GCC_WARN_UNUSED_FUNCTION = YES;
				GCC_WARN_UNUSED_VARIABLE = YES;
				IPHONEOS_DEPLOYMENT_TARGET = 15.5;
				MTL_ENABLE_DEBUG_INFO = NO;
				MTL_FAST_MATH = YES;
				SDKROOT = iphoneos;
				SWIFT_COMPILATION_MODE = wholemodule;
				SWIFT_OPTIMIZATION_LEVEL = "-O";
				VALIDATE_PRODUCT = YES;
			};
			name = Release;
		};
		64FCBEC228D35ECF00833584 /* Debug */ = {
			isa = XCBuildConfiguration;
			buildSettings = {
				ASSETCATALOG_COMPILER_APPICON_NAME = AppIcon;
				ASSETCATALOG_COMPILER_GLOBAL_ACCENT_COLOR_NAME = AccentColor;
				CODE_SIGN_STYLE = Automatic;
				CURRENT_PROJECT_VERSION = 1;
				GENERATE_INFOPLIST_FILE = YES;
				INFOPLIST_FILE = PokemonFeed/Resources/Info.plist;
				INFOPLIST_KEY_UIApplicationSupportsIndirectInputEvents = YES;
				INFOPLIST_KEY_UILaunchStoryboardName = LaunchScreen;
				INFOPLIST_KEY_UISupportedInterfaceOrientations_iPad = "UIInterfaceOrientationPortrait UIInterfaceOrientationPortraitUpsideDown UIInterfaceOrientationLandscapeLeft UIInterfaceOrientationLandscapeRight";
				INFOPLIST_KEY_UISupportedInterfaceOrientations_iPhone = "UIInterfaceOrientationPortrait UIInterfaceOrientationLandscapeLeft UIInterfaceOrientationLandscapeRight";
				IPHONEOS_DEPLOYMENT_TARGET = 13.0;
				LD_RUNPATH_SEARCH_PATHS = (
					"$(inherited)",
					"@executable_path/Frameworks",
				);
				MARKETING_VERSION = 1.0;
				PRODUCT_BUNDLE_IDENTIFIER = valeriy.litovchenko.PokemonFeed;
				PRODUCT_NAME = "$(TARGET_NAME)";
				SWIFT_EMIT_LOC_STRINGS = YES;
				SWIFT_VERSION = 5.0;
				TARGETED_DEVICE_FAMILY = 1;
			};
			name = Debug;
		};
		64FCBEC328D35ECF00833584 /* Release */ = {
			isa = XCBuildConfiguration;
			buildSettings = {
				ASSETCATALOG_COMPILER_APPICON_NAME = AppIcon;
				ASSETCATALOG_COMPILER_GLOBAL_ACCENT_COLOR_NAME = AccentColor;
				CODE_SIGN_STYLE = Automatic;
				CURRENT_PROJECT_VERSION = 1;
				GENERATE_INFOPLIST_FILE = YES;
				INFOPLIST_FILE = PokemonFeed/Resources/Info.plist;
				INFOPLIST_KEY_UIApplicationSupportsIndirectInputEvents = YES;
				INFOPLIST_KEY_UILaunchStoryboardName = LaunchScreen;
				INFOPLIST_KEY_UISupportedInterfaceOrientations_iPad = "UIInterfaceOrientationPortrait UIInterfaceOrientationPortraitUpsideDown UIInterfaceOrientationLandscapeLeft UIInterfaceOrientationLandscapeRight";
				INFOPLIST_KEY_UISupportedInterfaceOrientations_iPhone = "UIInterfaceOrientationPortrait UIInterfaceOrientationLandscapeLeft UIInterfaceOrientationLandscapeRight";
				IPHONEOS_DEPLOYMENT_TARGET = 13.0;
				LD_RUNPATH_SEARCH_PATHS = (
					"$(inherited)",
					"@executable_path/Frameworks",
				);
				MARKETING_VERSION = 1.0;
				PRODUCT_BUNDLE_IDENTIFIER = valeriy.litovchenko.PokemonFeed;
				PRODUCT_NAME = "$(TARGET_NAME)";
				SWIFT_EMIT_LOC_STRINGS = YES;
				SWIFT_VERSION = 5.0;
				TARGETED_DEVICE_FAMILY = 1;
			};
			name = Release;
		};
/* End XCBuildConfiguration section */

/* Begin XCConfigurationList section */
		64FCBEA828D35ECE00833584 /* Build configuration list for PBXProject "PokemonFeed" */ = {
			isa = XCConfigurationList;
			buildConfigurations = (
				64FCBEBF28D35ECF00833584 /* Debug */,
				64FCBEC028D35ECF00833584 /* Release */,
			);
			defaultConfigurationIsVisible = 0;
			defaultConfigurationName = Release;
		};
		64FCBEC128D35ECF00833584 /* Build configuration list for PBXNativeTarget "PokemonFeed" */ = {
			isa = XCConfigurationList;
			buildConfigurations = (
				64FCBEC228D35ECF00833584 /* Debug */,
				64FCBEC328D35ECF00833584 /* Release */,
			);
			defaultConfigurationIsVisible = 0;
			defaultConfigurationName = Release;
		};
/* End XCConfigurationList section */

/* Begin XCRemoteSwiftPackageReference section */
		6421E7F628D5FAC50034E91F /* XCRemoteSwiftPackageReference "Kingfisher" */ = {
			isa = XCRemoteSwiftPackageReference;
			repositoryURL = "https://github.com/onevcat/Kingfisher.git";
			requirement = {
				kind = upToNextMajorVersion;
				minimumVersion = 7.0.0;
			};
		};
/* End XCRemoteSwiftPackageReference section */

/* Begin XCSwiftPackageProductDependency section */
		6421E7F728D5FAC50034E91F /* Kingfisher */ = {
			isa = XCSwiftPackageProductDependency;
			package = 6421E7F628D5FAC50034E91F /* XCRemoteSwiftPackageReference "Kingfisher" */;
			productName = Kingfisher;
		};
/* End XCSwiftPackageProductDependency section */
	};
	rootObject = 64FCBEA528D35ECE00833584 /* Project object */;
}
